
Microsoft Visual Studio Solution File, Format Version 12.00
# Visual Studio Version 17
VisualStudioVersion = 17.0.31808.319
MinimumVisualStudioVersion = 10.0.40219.1
Project("{FAE04EC0-301F-11D3-BF4B-00C04F79EFBC}") = "lesson_4", "lesson_4\lesson_4.csproj", "{3638485A-F499-48B4-9F48-0351FA1887FA}"
EndProject
Global
	GlobalSection(SolutionConfigurationPlatforms) = preSolution
		Debug|Any CPU = Debug|Any CPU
		Release|Any CPU = Release|Any CPU
	EndGlobalSection
	GlobalSection(ProjectConfigurationPlatforms) = postSolution
		{3638485A-F499-48B4-9F48-0351FA1887FA}.Debug|Any CPU.ActiveCfg = Debug|Any CPU
		{3638485A-F499-48B4-9F48-0351FA1887FA}.Debug|Any CPU.Build.0 = Debug|Any CPU
		{3638485A-F499-48B4-9F48-0351FA1887FA}.Release|Any CPU.ActiveCfg = Release|Any CPU
		{3638485A-F499-48B4-9F48-0351FA1887FA}.Release|Any CPU.Build.0 = Release|Any CPU
	EndGlobalSection
	GlobalSection(SolutionProperties) = preSolution
		HideSolutionNode = FALSE
	EndGlobalSection
	GlobalSection(ExtensibilityGlobals) = postSolution
		SolutionGuid = {8B364EBB-6AB7-4549-A341-69E2168D1B72}
	EndGlobalSection
EndGlobal
